{
  "name": "my-travel-blog",
  "lockfileVersion": 3,
  "requires": true,
  "packages": {
    "": {
      "dependencies": {
        "nodemailer": "^6.9.8",
        "sweetalert2": "^11.10.2"
      }
    },
    "node_modules/nodemailer": {
      "version": "6.9.8",
      "resolved": "https://registry.npmjs.org/nodemailer/-/nodemailer-6.9.8.tgz",
      "integrity": "sha512-cfrYUk16e67Ks051i4CntM9kshRYei1/o/Gi8K1d+R34OIs21xdFnW7Pt7EucmVKA0LKtqUGNcjMZ7ehjl49mQ==",
      "engines": {
        "node": ">=6.0.0"
      }
    },
    "node_modules/sweetalert2": {
      "version": "11.10.2",
      "resolved": "https://registry.npmjs.org/sweetalert2/-/sweetalert2-11.10.2.tgz",
      "integrity": "sha512-BYlIxGw6OF9Rw2z1wlnh1U+fvHHkvtg4BGyimV9nZxQRGvCBfx9uonxgwuYpJuYqCtM+2W1KOm8iMIEb/2v7Hg==",
      "funding": {
        "type": "individual",
        "url": "https://github.com/sponsors/limonte"
      }
    }
  }
}
